{
  "name": "@goggles/unit-system-miscellaneous-units",
  "version": "1.0.0",
  "lockfileVersion": 2,
  "requires": true,
  "packages": {
    "": {
      "name": "@goggles/unit-system-miscellaneous-units",
      "version": "1.0.0",
      "license": "ISC",
      "dependencies": {
        "@goggles/unit-system": "^1.1.1",
        "@goggles/unit-system-si-units": "^1.0.0"
      }
    },
    "node_modules/@goggles/unit-system": {
      "version": "1.1.2",
      "resolved": "https://registry.npmjs.org/@goggles/unit-system/-/unit-system-1.1.2.tgz",
      "integrity": "sha512-064MCBrYDjO2AGDhWUE2OEv/CEu1CPp7/DunXMMyN0J2647Q/HIflIM8Mp8tWUTM4lJH2aG9QhZUs2wSsw7wZw=="
    },
    "node_modules/@goggles/unit-system-si-units": {
      "version": "1.0.0",
      "resolved": "https://registry.npmjs.org/@goggles/unit-system-si-units/-/unit-system-si-units-1.0.0.tgz",
      "integrity": "sha512-ERSHnseC+D+TneG6v7dMVisPcQZY1r7Yh3kI3FDpSHPTF4fT/l6bF6fFfF8xbdFCg8d/IV8Hbs+Xe1G8aESqFg==",
      "dependencies": {
        "@goggles/unit-system": "^1.0.2"
      }
    }
  },
  "dependencies": {
    "@goggles/unit-system": {
      "version": "1.1.2",
      "resolved": "https://registry.npmjs.org/@goggles/unit-system/-/unit-system-1.1.2.tgz",
      "integrity": "sha512-064MCBrYDjO2AGDhWUE2OEv/CEu1CPp7/DunXMMyN0J2647Q/HIflIM8Mp8tWUTM4lJH2aG9QhZUs2wSsw7wZw=="
    },
    "@goggles/unit-system-si-units": {
      "version": "1.0.0",
      "resolved": "https://registry.npmjs.org/@goggles/unit-system-si-units/-/unit-system-si-units-1.0.0.tgz",
      "integrity": "sha512-ERSHnseC+D+TneG6v7dMVisPcQZY1r7Yh3kI3FDpSHPTF4fT/l6bF6fFfF8xbdFCg8d/IV8Hbs+Xe1G8aESqFg==",
      "requires": {
        "@goggles/unit-system": "^1.0.2"
      }
    }
  }
}
