{
  "name": "@goggles/unit-system-miscellaneous-units",
  "version": "1.0.0",
  "lockfileVersion": 2,
  "requires": true,
  "packages": {
    "": {
      "name": "@goggles/unit-system-miscellaneous-units",
      "version": "1.0.0",
      "license": "ISC",
      "dependencies": {
        "@goggles/unit-system": "^1.2.1",
        "@goggles/unit-system-common-uscs-units": "^1.0.6",
        "@goggles/unit-system-si-units": "^1.0.0"
      }
    },
    "node_modules/@goggles/unit-system": {
      "version": "1.2.2",
      "resolved": "https://registry.npmjs.org/@goggles/unit-system/-/unit-system-1.2.2.tgz",
      "integrity": "sha512-T6JJYldwT594qO6pbqGQyLFYJw7dzXzcQ0ZB1t2da4jSgjAj1EIV7MDYxqCXH8fMK2Ri984M0FLNqgOKpJVMdA=="
    },
    "node_modules/@goggles/unit-system-common-uscs-units": {
      "version": "1.0.6",
      "resolved": "https://registry.npmjs.org/@goggles/unit-system-common-uscs-units/-/unit-system-common-uscs-units-1.0.6.tgz",
      "integrity": "sha512-MzYjes+0i2gYbGxUKb3YIInuC6rvZpR8CceMEsyvGd1OQeK5C00FJJ69A3yaA98EGWkfqnAgUA8Fs8roqYXWTg==",
      "dependencies": {
        "@goggles/unit-system": "^1.2.2",
        "@goggles/unit-system-si-units": "^1.0.0"
      }
    },
    "node_modules/@goggles/unit-system-si-units": {
      "version": "1.1.1",
      "resolved": "https://registry.npmjs.org/@goggles/unit-system-si-units/-/unit-system-si-units-1.1.1.tgz",
      "integrity": "sha512-vgu8SBOhfMZ+eVyJ6myYi1wk7P0+cYmF4wgP/SFFTD7Ic8D69AmpcDnj2ejUl6r6bNR7YxQb25DFlrlDOaTROA==",
      "dependencies": {
        "@goggles/unit-system": "^1.2.1"
      }
    }
  },
  "dependencies": {
    "@goggles/unit-system": {
      "version": "1.2.2",
      "resolved": "https://registry.npmjs.org/@goggles/unit-system/-/unit-system-1.2.2.tgz",
      "integrity": "sha512-T6JJYldwT594qO6pbqGQyLFYJw7dzXzcQ0ZB1t2da4jSgjAj1EIV7MDYxqCXH8fMK2Ri984M0FLNqgOKpJVMdA=="
    },
    "@goggles/unit-system-common-uscs-units": {
      "version": "1.0.6",
      "resolved": "https://registry.npmjs.org/@goggles/unit-system-common-uscs-units/-/unit-system-common-uscs-units-1.0.6.tgz",
      "integrity": "sha512-MzYjes+0i2gYbGxUKb3YIInuC6rvZpR8CceMEsyvGd1OQeK5C00FJJ69A3yaA98EGWkfqnAgUA8Fs8roqYXWTg==",
      "requires": {
        "@goggles/unit-system": "^1.2.2",
        "@goggles/unit-system-si-units": "^1.0.0"
      }
    },
    "@goggles/unit-system-si-units": {
      "version": "1.1.1",
      "resolved": "https://registry.npmjs.org/@goggles/unit-system-si-units/-/unit-system-si-units-1.1.1.tgz",
      "integrity": "sha512-vgu8SBOhfMZ+eVyJ6myYi1wk7P0+cYmF4wgP/SFFTD7Ic8D69AmpcDnj2ejUl6r6bNR7YxQb25DFlrlDOaTROA==",
      "requires": {
        "@goggles/unit-system": "^1.2.1"
      }
    }
  }
}
